
Microsoft Visual Studio Solution File, Format Version 12.00
# Visual Studio Version 16
VisualStudioVersion = 16.0.29911.84
MinimumVisualStudioVersion = 10.0.40219.1
Project("{888888A0-9F3D-457C-B088-3A5042F75D52}") = "AgileCare Research Model", "AgileCare Research Model\AgileCare Research Model.pyproj", "{F8E7A4FB-ECCF-42A9-BFA7-396909D64CCA}"
EndProject
Global
	GlobalSection(SolutionConfigurationPlatforms) = preSolution
		Debug|Any CPU = Debug|Any CPU
		Release|Any CPU = Release|Any CPU
	EndGlobalSection
	GlobalSection(ProjectConfigurationPlatforms) = postSolution
		{F8E7A4FB-ECCF-42A9-BFA7-396909D64CCA}.Debug|Any CPU.ActiveCfg = Debug|Any CPU
		{F8E7A4FB-ECCF-42A9-BFA7-396909D64CCA}.Release|Any CPU.ActiveCfg = Release|Any CPU
	EndGlobalSection
	GlobalSection(SolutionProperties) = preSolution
		HideSolutionNode = FALSE
	EndGlobalSection
	GlobalSection(ExtensibilityGlobals) = postSolution
		SolutionGuid = {A90C7F73-A5AC-44A8-B2C2-3B51EE64F072}
	EndGlobalSection
EndGlobal
